PODS:
  - app_settings (5.1.1):
    - Flutter
  - Flutter (1.0.0)
  - permission_handler_apple (9.1.1):
    - Flutter

DEPENDENCIES:
  - app_settings (from `.symlinks/plugins/app_settings/ios`)
  - Flutter (from `Flutter`)
  - permission_handler_apple (from `.symlinks/plugins/permission_handler_apple/ios`)

EXTERNAL SOURCES:
  app_settings:
    :path: ".symlinks/plugins/app_settings/ios"
  Flutter:
    :path: Flutter
  permission_handler_apple:
    :path: ".symlinks/plugins/permission_handler_apple/ios"

SPEC CHECKSUMS:
  app_settings: 017320c6a680cdc94c799949d95b84cb69389ebc
  Flutter: f04841e97a9d0b0a8025694d0796dd46242b2854
  permission_handler_apple: e76247795d700c14ea09e3a2d8855d41ee80a2e6

PODFILE CHECKSUM: cf23edf1ff337a436553845e7d3e91871d82bc8d

COCOAPODS: 1.11.3
